
Microsoft Visual Studio Solution File, Format Version 12.00
# Visual Studio Version 16
VisualStudioVersion = 16.0.30523.141
MinimumVisualStudioVersion = 10.0.40219.1
Project("{FAE04EC0-301F-11D3-BF4B-00C04F79EFBC}") = "Project 1 Dương Vũ Hoàng Việt", "Project 1 Dương Vũ Hoàng Việt\Project 1 Dương Vũ Hoàng Việt.csproj", "{73FAEDA8-95FD-4F94-88A6-D3B267FFD30A}"
EndProject
Global
	GlobalSection(SolutionConfigurationPlatforms) = preSolution
		Debug|Any CPU = Debug|Any CPU
		Release|Any CPU = Release|Any CPU
	EndGlobalSection
	GlobalSection(ProjectConfigurationPlatforms) = postSolution
		{73FAEDA8-95FD-4F94-88A6-D3B267FFD30A}.Debug|Any CPU.ActiveCfg = Debug|Any CPU
		{73FAEDA8-95FD-4F94-88A6-D3B267FFD30A}.Debug|Any CPU.Build.0 = Debug|Any CPU
		{73FAEDA8-95FD-4F94-88A6-D3B267FFD30A}.Release|Any CPU.ActiveCfg = Release|Any CPU
		{73FAEDA8-95FD-4F94-88A6-D3B267FFD30A}.Release|Any CPU.Build.0 = Release|Any CPU
	EndGlobalSection
	GlobalSection(SolutionProperties) = preSolution
		HideSolutionNode = FALSE
	EndGlobalSection
	GlobalSection(ExtensibilityGlobals) = postSolution
		SolutionGuid = {1ABADE4E-B1D5-4128-9241-CC6BC1205B2A}
	EndGlobalSection
EndGlobal
